
Microsoft Visual Studio Solution File, Format Version 12.00
# Visual Studio Version 17
VisualStudioVersion = 17.4.33110.190
MinimumVisualStudioVersion = 10.0.40219.1
Project("{8BC9CEB8-8B4A-11D0-8D11-00A0C91BC942}") = "Sanbox", "Sanbox\Sanbox.vcxproj", "{9F3B3189-BD8B-4C34-BEBF-4A3B74E0C36E}"
EndProject
Project("{8BC9CEB8-8B4A-11D0-8D11-00A0C91BC942}") = "Hazel", "Hazel\Hazel.vcxproj", "{9E035D00-312C-40AD-8D97-22896C4E0FAD}"
EndProject
Global
	GlobalSection(SolutionConfigurationPlatforms) = preSolution
		Debug|x64 = Debug|x64
		Release|x64 = Release|x64
	EndGlobalSection
	GlobalSection(ProjectConfigurationPlatforms) = postSolution
		{9E035D00-312C-40AD-8D97-22896C4E0FAD}.Debug|x64.ActiveCfg = Debug|x64
		{9E035D00-312C-40AD-8D97-22896C4E0FAD}.Debug|x64.Build.0 = Debug|x64
		{9E035D00-312C-40AD-8D97-22896C4E0FAD}.Release|x64.ActiveCfg = Debug|x64
		{9E035D00-312C-40AD-8D97-22896C4E0FAD}.Release|x64.Build.0 = Debug|x64
		{9F3B3189-BD8B-4C34-BEBF-4A3B74E0C36E}.Debug|x64.ActiveCfg = Debug|x64
		{9F3B3189-BD8B-4C34-BEBF-4A3B74E0C36E}.Debug|x64.Build.0 = Debug|x64
		{9F3B3189-BD8B-4C34-BEBF-4A3B74E0C36E}.Release|x64.ActiveCfg = Release|x64
		{9F3B3189-BD8B-4C34-BEBF-4A3B74E0C36E}.Release|x64.Build.0 = Release|x64
	EndGlobalSection
	GlobalSection(SolutionProperties) = preSolution
		HideSolutionNode = FALSE
	EndGlobalSection
	GlobalSection(ExtensibilityGlobals) = postSolution
		SolutionGuid = {2BEDF679-090B-41C7-B30C-B5427A1878C2}
	EndGlobalSection
EndGlobal
